# This file was generated by Aiken
# You typically do not need to edit this file

[[requirements]]
name = "aiken-lang/stdlib"
version = "1.7.0"
source = "github"

[[requirements]]
name = "logicalmechanism/assist"
version = "main"
source = "github"

[[packages]]
name = "aiken-lang/stdlib"
version = "1.7.0"
requirements = []
source = "github"

[[packages]]
name = "logicalmechanism/assist"
version = "main"
requirements = []
source = "github"

[etags]
"logicalmechanism/assist@main" = [{ secs_since_epoch = 1706311382, nanos_since_epoch = 988950392 }, "338b11c258a127164e28fa59fc9e6274cce7a653225b0a35182030b61742fc68"]
