# This file was generated by Aiken
# You typically do not need to edit this file

[[requirements]]
name = "aiken-lang/stdlib"
version = "1.7.0"
source = "github"

[[requirements]]
name = "logicalmechanism/assist"
version = "v0.4.3"
source = "github"

[[packages]]
name = "aiken-lang/stdlib"
version = "1.7.0"
requirements = []
source = "github"

[[packages]]
name = "logicalmechanism/assist"
version = "v0.4.3"
requirements = []
source = "github"

[etags]
